
Microsoft Visual Studio Solution File, Format Version 12.00
# Visual Studio Version 17
VisualStudioVersion = 17.5.33530.505
MinimumVisualStudioVersion = 10.0.40219.1
Project("{9A19103F-16F7-4668-BE54-9A1E7A4F7556}") = "admin_labgrown", "admin_labgrown\admin_labgrown.csproj", "{D5D982AF-B89D-4D02-AEE5-4DB478B8B65A}"
EndProject
Global
	GlobalSection(SolutionConfigurationPlatforms) = preSolution
		Debug|Any CPU = Debug|Any CPU
		Release|Any CPU = Release|Any CPU
	EndGlobalSection
	GlobalSection(ProjectConfigurationPlatforms) = postSolution
		{D5D982AF-B89D-4D02-AEE5-4DB478B8B65A}.Debug|Any CPU.ActiveCfg = Debug|Any CPU
		{D5D982AF-B89D-4D02-AEE5-4DB478B8B65A}.Debug|Any CPU.Build.0 = Debug|Any CPU
		{D5D982AF-B89D-4D02-AEE5-4DB478B8B65A}.Release|Any CPU.ActiveCfg = Release|Any CPU
		{D5D982AF-B89D-4D02-AEE5-4DB478B8B65A}.Release|Any CPU.Build.0 = Release|Any CPU
	EndGlobalSection
	GlobalSection(SolutionProperties) = preSolution
		HideSolutionNode = FALSE
	EndGlobalSection
	GlobalSection(ExtensibilityGlobals) = postSolution
		SolutionGuid = {4C404E0B-61DC-44B2-B8D8-225D84CB3142}
	EndGlobalSection
EndGlobal
